# This file is autogenerated, do not edit; changes may be undone by the next 'dep ensure'.


[[projects]]
  branch = "master"
  digest = "1:535387fc59142c62ca447661a8d6401560d9a9f82d4d7695bd6449158f002f29"
  name = "github.com/Quality-Gamer/api-gateway"
  packages = [
    "auth",
    "conf",
    "database",
    "model",
    "request",
  ]
  pruneopts = "T"
  revision = "8b7d264028b86443d2ffefe158d1bf12a633305a"

[[projects]]
  digest = "1:8999b488d7e86b608d32f631eb95a2f1472445bb0e8f49bb59ab1b983244bd68"
  name = "github.com/cheekybits/genny"
  packages = ["generic"]
  pruneopts = "N"
  revision = "d2cf3cdd35ce0d789056c4bc02a4d6349c947caf"
  version = "v1.0.0"

[[projects]]
  digest = "1:8a6b239612a68a5644f752fd35f402f182192a984f955a6cfb0b9416a47a9273"
  name = "github.com/dgrijalva/jwt-go"
  packages = ["."]
  pruneopts = "N"
  revision = "06ea1031745cb8b3dab3f6a236daf2b0aa468b7e"
  version = "v3.2.0"

[[projects]]
  digest = "1:d112eab38298efc9dab630a03a06c1480ed5cb15b7f126f1c8f9edc126023ef1"
  name = "github.com/go-redis/redis"
  packages = [
    ".",
    "internal",
    "internal/consistenthash",
    "internal/hashtag",
    "internal/pool",
    "internal/proto",
    "internal/util",
  ]
  pruneopts = "N"
  revision = "2aca83490d09584301390a787777fbe5a0fc4a96"
  version = "v6.15.8"

[[projects]]
  digest = "1:1a7c4e6a7d2fac2150cb4070c68f802b0b5cf2ac04f966ec0bb4b84cf4e9d3f8"
  name = "github.com/klauspost/compress"
  packages = [
    "flate",
    "gzip",
    "zlib",
  ]
  pruneopts = "N"
  revision = "a8f778f32d263b3a95d1e5a90534f5f680560abe"
  version = "v1.10.10"

[[projects]]
  digest = "1:f394142fb2b3c35b55889f558832f18531ef4e7db4cbdf81340dbded222a27d7"
  name = "github.com/labstack/echo"
  packages = [
    ".",
    "middleware",
  ]
  pruneopts = "N"
  revision = "38772c686c76b501f94bd6cd5b77f5842e93b559"
  version = "v3.3.10"

[[projects]]
  digest = "1:16c5aa7a2031ac369373ddbecaeb0e523350d6469f87c82a1e1e05c973c88dc9"
  name = "github.com/labstack/gommon"
  packages = [
    "bytes",
    "color",
    "log",
    "random",
  ]
  pruneopts = "N"
  revision = "4919956f6fb227b548f004da27c7c6b20fba499f"
  version = "v0.3.0"

[[projects]]
  digest = "1:7d8988431420f456967949d69eeeb71c4def9c216dcfa454e55ad3d21683d037"
  name = "github.com/mattn/go-colorable"
  packages = ["."]
  pruneopts = "N"
  revision = "f6c00982823144337e56cdb71c712eaac151d29c"
  version = "v0.1.7"

[[projects]]
  digest = "1:b2f4e5fea3373bf9dca8cfc382b92483e14bcd1ec2102f542652554028bd5d0a"
  name = "github.com/mattn/go-isatty"
  packages = ["."]
  pruneopts = "N"
  revision = "7b513a986450394f7bbf1476909911b3aa3a55ce"
  version = "v0.0.12"

[[projects]]
  digest = "1:01f2b4a08e406e4fd190d0bc1095ff35ea7f8a27139371621031b638e98b7624"
  name = "github.com/valyala/bytebufferpool"
  packages = ["."]
  pruneopts = "N"
  revision = "e746df99fe4a3986f4d4f79e13c1e0117ce9c2f7"
  version = "v1.0.0"

[[projects]]
  digest = "1:b6329e1dc74c78939f8fc90e194c55a3c5457aa37a351d13cf7ce5573b0ccea5"
  name = "github.com/valyala/fasthttp"
  packages = [
    ".",
    "fasthttputil",
    "stackless",
  ]
  pruneopts = "N"
  revision = "e5f51c11919d4f66400334047b897ef0a94c6f3c"
  version = "v20180529"

[[projects]]
  digest = "1:8c5a934faec31b4c1a9d013f4e32e1819fdc3d8e016c9342fd8c5f92261b661f"
  name = "github.com/valyala/fasttemplate"
  packages = ["."]
  pruneopts = "N"
  revision = "10bd7db1dd9b0f3c5193837782330f4131dfa620"
  version = "v1.2.0"

[[projects]]
  branch = "master"
  digest = "1:64cb72ec81f657b74a82a4de31933d234f67e380aabdb1c99ce32dd14592743f"
  name = "golang.org/x/crypto"
  packages = [
    "acme",
    "acme/autocert",
  ]
  pruneopts = "N"
  revision = "948cd5f35899cbf089c620b3caeac9b60fa08704"

[[projects]]
  branch = "master"
  digest = "1:0ce077348c2eab796dcd63e8998848893ae8deaf9da91a8011ed907db1354c05"
  name = "golang.org/x/net"
  packages = ["idna"]
  pruneopts = "N"
  revision = "ab34263943818b32f575efc978a3d24e80b04bd7"

[[projects]]
  branch = "master"
  digest = "1:c64a00219b2cbb58bf3a08d01673e911be0dce05c6296e94ea708921aba68ea5"
  name = "golang.org/x/sys"
  packages = [
    "internal/unsafeheader",
    "unix",
  ]
  pruneopts = "N"
  revision = "ddb9806d33aed8dbaac1cd6f1cba58952e87f933"

[[projects]]
  digest = "1:614849f2c68ce2ccb3d980c8f03b1b8cb51819398f094189404c459a888fde27"
  name = "golang.org/x/text"
  packages = [
    "collate",
    "collate/build",
    "internal/colltab",
    "internal/gen",
    "internal/language",
    "internal/language/compact",
    "internal/tag",
    "internal/triegen",
    "internal/ucd",
    "language",
    "secure/bidirule",
    "transform",
    "unicode/bidi",
    "unicode/cldr",
    "unicode/norm",
    "unicode/rangetable",
  ]
  pruneopts = "N"
  revision = "23ae387dee1f90d29a23c0e87ee0b46038fbed0e"
  version = "v0.3.3"

[solve-meta]
  analyzer-name = "dep"
  analyzer-version = 1
  input-imports = [
    "github.com/Quality-Gamer/api-gateway/auth",
    "github.com/Quality-Gamer/api-gateway/conf",
    "github.com/Quality-Gamer/api-gateway/database",
    "github.com/Quality-Gamer/api-gateway/model",
    "github.com/Quality-Gamer/api-gateway/request",
    "github.com/cheekybits/genny/generic",
    "github.com/go-redis/redis",
    "github.com/labstack/echo",
    "github.com/labstack/echo/middleware",
    "github.com/valyala/fasthttp",
  ]
  solver-name = "gps-cdcl"
  solver-version = 1
